
Microsoft Visual Studio Solution File, Format Version 12.00
# Visual Studio Version 17
VisualStudioVersion = 17.9.34723.18
MinimumVisualStudioVersion = 10.0.40219.1
Project("{FAE04EC0-301F-11D3-BF4B-00C04F79EFBC}") = "Assignment_2", "Assignment_2.csproj", "{7E0439D4-5A46-48EF-A204-CFB637E5707A}"
EndProject
Global
	GlobalSection(SolutionConfigurationPlatforms) = preSolution
		Debug|Any CPU = Debug|Any CPU
		Release|Any CPU = Release|Any CPU
	EndGlobalSection
	GlobalSection(ProjectConfigurationPlatforms) = postSolution
		{7E0439D4-5A46-48EF-A204-CFB637E5707A}.Debug|Any CPU.ActiveCfg = Debug|Any CPU
		{7E0439D4-5A46-48EF-A204-CFB637E5707A}.Debug|Any CPU.Build.0 = Debug|Any CPU
		{7E0439D4-5A46-48EF-A204-CFB637E5707A}.Release|Any CPU.ActiveCfg = Release|Any CPU
		{7E0439D4-5A46-48EF-A204-CFB637E5707A}.Release|Any CPU.Build.0 = Release|Any CPU
	EndGlobalSection
	GlobalSection(SolutionProperties) = preSolution
		HideSolutionNode = FALSE
	EndGlobalSection
	GlobalSection(ExtensibilityGlobals) = postSolution
		SolutionGuid = {5FEF0E2C-5885-4F84-BE0C-99032FF01B62}
	EndGlobalSection
EndGlobal
